
Microsoft Visual Studio Solution File, Format Version 12.00
# Visual Studio Version 17
VisualStudioVersion = 17.5.33424.131
MinimumVisualStudioVersion = 10.0.40219.1
Project("{FAE04EC0-301F-11D3-BF4B-00C04F79EFBC}") = "AWSTranscribe", "AWSTranscribe\AWSTranscribe.csproj", "{12483858-5423-4847-9EDB-095F5DA82124}"
EndProject
Global
	GlobalSection(SolutionConfigurationPlatforms) = preSolution
		Debug|Any CPU = Debug|Any CPU
		Release|Any CPU = Release|Any CPU
	EndGlobalSection
	GlobalSection(ProjectConfigurationPlatforms) = postSolution
		{12483858-5423-4847-9EDB-095F5DA82124}.Debug|Any CPU.ActiveCfg = Debug|Any CPU
		{12483858-5423-4847-9EDB-095F5DA82124}.Debug|Any CPU.Build.0 = Debug|Any CPU
		{12483858-5423-4847-9EDB-095F5DA82124}.Release|Any CPU.ActiveCfg = Release|Any CPU
		{12483858-5423-4847-9EDB-095F5DA82124}.Release|Any CPU.Build.0 = Release|Any CPU
	EndGlobalSection
	GlobalSection(SolutionProperties) = preSolution
		HideSolutionNode = FALSE
	EndGlobalSection
	GlobalSection(ExtensibilityGlobals) = postSolution
		SolutionGuid = {214D3B42-0A26-4BDD-826F-E0D4D1FFDE01}
	EndGlobalSection
EndGlobal
